<?xml version="1.0" encoding="utf-8"?>
<Project ToolsVersion="4.0" xmlns="http://schemas.microsoft.com/developer/msbuild/2003">
  <ItemGroup>
    <Filter Include="소스 파일">
      <UniqueIdentifier>{4FC737F1-C7A5-4376-A066-2A32D752A2FF}</UniqueIdentifier>
      <Extensions>cpp;c;cc;cxx;c++;cppm;ixx;def;odl;idl;hpj;bat;asm;asmx</Extensions>
    </Filter>
    <Filter Include="헤더 파일">
      <UniqueIdentifier>{93995380-89BD-4b04-88EB-625FBE52EBFB}</UniqueIdentifier>
      <Extensions>h;hh;hpp;hxx;h++;hm;inl;inc;ipp;xsd</Extensions>
    </Filter>
    <Filter Include="리소스 파일">
      <UniqueIdentifier>{67DA6AB6-F800-4c08-8B7A-83BB121AAD01}</UniqueIdentifier>
      <Extensions>rc;ico;cur;bmp;dlg;rc2;rct;bin;rgs;gif;jpg;jpeg;jpe;resx;tiff;tif;png;wav;mfcribbon-ms</Extensions>
    </Filter>
    <Filter Include="소스 파일\ECC">
      <UniqueIdentifier>{d8e7064f-8190-4eee-b695-b692eaaa4b91}</UniqueIdentifier>
    </Filter>
    <Filter Include="헤더 파일\ECC">
      <UniqueIdentifier>{187acfe7-8286-43c3-b727-5f8f28d3d05d}</UniqueIdentifier>
    </Filter>
    <Filter Include="헤더 파일\Elgamel">
      <UniqueIdentifier>{fe382450-6f0d-4af4-97f8-f77e573492b2}</UniqueIdentifier>
    </Filter>
    <Filter Include="소스 파일\Elgamel">
      <UniqueIdentifier>{6ec7f2e2-ef6f-4e3a-be0a-6c5ae655387b}</UniqueIdentifier>
    </Filter>
  </ItemGroup>
  <ItemGroup>
    <ClCompile Include="main.cpp">
      <Filter>소스 파일</Filter>
    </ClCompile>
    <ClCompile Include="ECC\Point\Point.cpp">
      <Filter>소스 파일\ECC</Filter>
    </ClCompile>
    <ClCompile Include="ECC\Point\findY.cpp">
      <Filter>소스 파일</Filter>
    </ClCompile>
    <ClCompile Include="ECC\Point\Point_operators.cpp">
      <Filter>소스 파일</Filter>
    </ClCompile>
    <ClCompile Include="ECC\group\group_operators.cpp">
      <Filter>소스 파일</Filter>
    </ClCompile>
    <ClCompile Include="ECC\ECC.cpp">
      <Filter>소스 파일</Filter>
    </ClCompile>
    <ClCompile Include="ECC\group\stringWithULL.cpp">
      <Filter>소스 파일</Filter>
    </ClCompile>
    <ClCompile Include="ECC\Elgamel\decryption\decryption.cpp">
      <Filter>소스 파일</Filter>
    </ClCompile>
    <ClCompile Include="ECC\Elgamel\encryption\encryption.cpp">
      <Filter>소스 파일</Filter>
    </ClCompile>
    <ClCompile Include="ECC\Elgamel\IPC.cpp">
      <Filter>소스 파일</Filter>
    </ClCompile>
  </ItemGroup>
  <ItemGroup>
    <ClInclude Include="ECC\Point\Point.h">
      <Filter>헤더 파일\ECC</Filter>
    </ClInclude>
    <ClInclude Include="ECC\group\ULL.h">
      <Filter>헤더 파일\ECC</Filter>
    </ClInclude>
    <ClInclude Include="ECC\ECC.h">
      <Filter>헤더 파일\ECC</Filter>
    </ClInclude>
    <ClInclude Include="ECC\Elgamel\Elgamel.h">
      <Filter>헤더 파일</Filter>
    </ClInclude>
    <ClInclude Include="ECC\Elgamel\IPC.h">
      <Filter>헤더 파일</Filter>
    </ClInclude>
  </ItemGroup>
</Project>